PODS:
  - FMDB (2.7.2):
    - FMDB/standard (= 2.7.2)
  - FMDB/standard (2.7.2)
  - TZCityList (0.0.3):
    - FMDB

DEPENDENCIES:
  - TZCityList (from `../`)

SPEC REPOS:
  https://github.com/CocoaPods/Specs.git:
    - FMDB

EXTERNAL SOURCES:
  TZCityList:
    :path: "../"

SPEC CHECKSUMS:
  FMDB: 6198a90e7b6900cfc046e6bc0ef6ebb7be9236aa
  TZCityList: 9ce888d0b803b25ab4c4374036110b9e2bd2dc5b

PODFILE CHECKSUM: e578cb7c4dd5b6e94a79a1ddca8b77d4b7e26f83

COCOAPODS: 1.5.0
